<?xml version="1.0" encoding="utf-8"?>
<Project ToolsVersion="17.0" xmlns="http://schemas.microsoft.com/developer/msbuild/2003">
  <ItemGroup>
    <ClCompile Include="C:\Users\Dasmit\Desktop\TND004\lab1\code\lab1.cpp">
      <Filter>Source Files</Filter>
    </ClCompile>
  </ItemGroup>
  <ItemGroup>
    <CustomBuild Include="C:\Users\Dasmit\Desktop\TND004\lab1\code\CMakeLists.txt" />
  </ItemGroup>
  <ItemGroup>
    <None Include="C:\Users\Dasmit\Desktop\TND004\lab1\code\test_data.txt" />
    <None Include="C:\Users\Dasmit\Desktop\TND004\lab1\code\test_result.txt" />
  </ItemGroup>
  <ItemGroup>
    <Filter Include="Source Files">
      <UniqueIdentifier>{32739245-83D7-3BE3-B708-498B586DFE58}</UniqueIdentifier>
    </Filter>
  </ItemGroup>
</Project>
